
Microsoft Visual Studio Solution File, Format Version 12.00
# Visual Studio Version 17
VisualStudioVersion = 17.0.31919.166
MinimumVisualStudioVersion = 10.0.40219.1
Project("{9A19103F-16F7-4668-BE54-9A1E7A4F7556}") = "WPF", "WPF\WPF.csproj", "{FB42FD16-B4F6-42C9-8975-C7E47087CD0B}"
EndProject
Project("{9A19103F-16F7-4668-BE54-9A1E7A4F7556}") = "ColorApp", "ColorApp\ColorApp.csproj", "{3AC2B85C-538F-4641-BE02-70CBAE2949F0}"
EndProject
Project("{FAE04EC0-301F-11D3-BF4B-00C04F79EFBC}") = "2048Game", "2048Game\2048Game.csproj", "{B3650EB4-8126-4FB9-8BF0-1D003F2940D4}"
EndProject
Global
	GlobalSection(SolutionConfigurationPlatforms) = preSolution
		Debug|Any CPU = Debug|Any CPU
		Release|Any CPU = Release|Any CPU
	EndGlobalSection
	GlobalSection(ProjectConfigurationPlatforms) = postSolution
		{FB42FD16-B4F6-42C9-8975-C7E47087CD0B}.Debug|Any CPU.ActiveCfg = Debug|Any CPU
		{FB42FD16-B4F6-42C9-8975-C7E47087CD0B}.Debug|Any CPU.Build.0 = Debug|Any CPU
		{FB42FD16-B4F6-42C9-8975-C7E47087CD0B}.Release|Any CPU.ActiveCfg = Release|Any CPU
		{FB42FD16-B4F6-42C9-8975-C7E47087CD0B}.Release|Any CPU.Build.0 = Release|Any CPU
		{3AC2B85C-538F-4641-BE02-70CBAE2949F0}.Debug|Any CPU.ActiveCfg = Debug|Any CPU
		{3AC2B85C-538F-4641-BE02-70CBAE2949F0}.Debug|Any CPU.Build.0 = Debug|Any CPU
		{3AC2B85C-538F-4641-BE02-70CBAE2949F0}.Release|Any CPU.ActiveCfg = Release|Any CPU
		{3AC2B85C-538F-4641-BE02-70CBAE2949F0}.Release|Any CPU.Build.0 = Release|Any CPU
		{B3650EB4-8126-4FB9-8BF0-1D003F2940D4}.Debug|Any CPU.ActiveCfg = Debug|Any CPU
		{B3650EB4-8126-4FB9-8BF0-1D003F2940D4}.Debug|Any CPU.Build.0 = Debug|Any CPU
		{B3650EB4-8126-4FB9-8BF0-1D003F2940D4}.Release|Any CPU.ActiveCfg = Release|Any CPU
		{B3650EB4-8126-4FB9-8BF0-1D003F2940D4}.Release|Any CPU.Build.0 = Release|Any CPU
	EndGlobalSection
	GlobalSection(SolutionProperties) = preSolution
		HideSolutionNode = FALSE
	EndGlobalSection
	GlobalSection(ExtensibilityGlobals) = postSolution
		SolutionGuid = {0376A313-4C7E-447C-B382-96A23CD6D2C9}
	EndGlobalSection
EndGlobal
